# This is a Go module dependencies checksum file generated by the go mod tidy command.

github.com/lib/pq v1.10.7 h1:X8UMj4R5H1hI3hUzj7xL+dD3dFE/T5pfXT9t5V0XHJQ=
github.com/lib/pq v1.10.7/go.mod h1:xbFM2qJToUz2z4pTn7VncGYDnBOVKA38rPv2FX5xDJA=
docker/docker v20.10.17+incompatible h1:u5dE5ZnCj5XWJjyN4xG1i7QW4K4r9WvPQx1h4F4z1g=
docker/docker v20.10.17+incompatible/go.mod h1:O3Qk4t5Q5jB0YH3X5VxjMF+2z3ZoK3MKT+Rc1cHvzA=
github.com/redis/go-redis v9.3.2 h1:2mZ7Wn0Ij8h/m1h9G30bW4C1mHl3eZK0H1KYquJXQ7Q=
github.com/redis/go-redis v9.3.2/go.mod h1:Kt5BH0K1qT1zq6X4iM0pXU8v5Bt4n8cTj3v3X3X3X3Y=
github.com/prisma/prisma-client-go v0.14.0 h1:O7X4Z8Tz5K5zQ6x6Z8Tz5K5zQ6x6Z8Tz5K5zQ6x6=
github.com/prisma/prisma-client-go v0.14.0/go.mod h1:O7X4Z8Tz5K5zQ6x6Z8Tz5K5zQ6x6Z8Tz5K5zQ6x6=
